
Microsoft Visual Studio Solution File, Format Version 12.00
# Visual Studio 15
VisualStudioVersion = 15.0.26124.0
MinimumVisualStudioVersion = 15.0.26124.0
Project("{2150E333-8FDC-42A3-9474-1A3956D46DE8}") = "src", "src", "{B1C45A8E-B749-438C-B1C3-AC3C1AA5155B}"
EndProject
Project("{FAE04EC0-301F-11D3-BF4B-00C04F79EFBC}") = "vkfetch", "src\vkfetch\vkfetch.csproj", "{D9390A9C-681A-4A2B-9A7F-8393F07855EE}"
EndProject
Global
	GlobalSection(SolutionConfigurationPlatforms) = preSolution
		Debug|Any CPU = Debug|Any CPU
		Debug|x64 = Debug|x64
		Debug|x86 = Debug|x86
		Release|Any CPU = Release|Any CPU
		Release|x64 = Release|x64
		Release|x86 = Release|x86
	EndGlobalSection
	GlobalSection(SolutionProperties) = preSolution
		HideSolutionNode = FALSE
	EndGlobalSection
	GlobalSection(ProjectConfigurationPlatforms) = postSolution
		{D9390A9C-681A-4A2B-9A7F-8393F07855EE}.Debug|Any CPU.ActiveCfg = Debug|Any CPU
		{D9390A9C-681A-4A2B-9A7F-8393F07855EE}.Debug|Any CPU.Build.0 = Debug|Any CPU
		{D9390A9C-681A-4A2B-9A7F-8393F07855EE}.Debug|x64.ActiveCfg = Debug|Any CPU
		{D9390A9C-681A-4A2B-9A7F-8393F07855EE}.Debug|x64.Build.0 = Debug|Any CPU
		{D9390A9C-681A-4A2B-9A7F-8393F07855EE}.Debug|x86.ActiveCfg = Debug|Any CPU
		{D9390A9C-681A-4A2B-9A7F-8393F07855EE}.Debug|x86.Build.0 = Debug|Any CPU
		{D9390A9C-681A-4A2B-9A7F-8393F07855EE}.Release|Any CPU.ActiveCfg = Release|Any CPU
		{D9390A9C-681A-4A2B-9A7F-8393F07855EE}.Release|Any CPU.Build.0 = Release|Any CPU
		{D9390A9C-681A-4A2B-9A7F-8393F07855EE}.Release|x64.ActiveCfg = Release|Any CPU
		{D9390A9C-681A-4A2B-9A7F-8393F07855EE}.Release|x64.Build.0 = Release|Any CPU
		{D9390A9C-681A-4A2B-9A7F-8393F07855EE}.Release|x86.ActiveCfg = Release|Any CPU
		{D9390A9C-681A-4A2B-9A7F-8393F07855EE}.Release|x86.Build.0 = Release|Any CPU
	EndGlobalSection
	GlobalSection(NestedProjects) = preSolution
		{D9390A9C-681A-4A2B-9A7F-8393F07855EE} = {B1C45A8E-B749-438C-B1C3-AC3C1AA5155B}
	EndGlobalSection
EndGlobal
